
Microsoft Visual Studio Solution File, Format Version 12.00
# Visual Studio Version 17
VisualStudioVersion = 17.9.34607.119
MinimumVisualStudioVersion = 10.0.40219.1
Project("{FAE04EC0-301F-11D3-BF4B-00C04F79EFBC}") = "oop", "oop\oop.csproj", "{24589E8B-BE7B-44A9-8B2A-186CC96A9844}"
EndProject
Global
	GlobalSection(SolutionConfigurationPlatforms) = preSolution
		Debug|Any CPU = Debug|Any CPU
		Release|Any CPU = Release|Any CPU
	EndGlobalSection
	GlobalSection(ProjectConfigurationPlatforms) = postSolution
		{24589E8B-BE7B-44A9-8B2A-186CC96A9844}.Debug|Any CPU.ActiveCfg = Debug|Any CPU
		{24589E8B-BE7B-44A9-8B2A-186CC96A9844}.Debug|Any CPU.Build.0 = Debug|Any CPU
		{24589E8B-BE7B-44A9-8B2A-186CC96A9844}.Release|Any CPU.ActiveCfg = Release|Any CPU
		{24589E8B-BE7B-44A9-8B2A-186CC96A9844}.Release|Any CPU.Build.0 = Release|Any CPU
	EndGlobalSection
	GlobalSection(SolutionProperties) = preSolution
		HideSolutionNode = FALSE
	EndGlobalSection
	GlobalSection(ExtensibilityGlobals) = postSolution
		SolutionGuid = {21BE9263-8413-4583-BDEB-2294A67B763B}
	EndGlobalSection
EndGlobal
